Microsoft Visual Studio Solution File, Format Version 12.00
# Visual Studio 15
VisualStudioVersion = 15.9.28307.858
MinimumVisualStudioVersion = 10.0.40219.1
Project("{8BC9CEB8-8B4A-11D0-8D11-00A0C91BC942}") = "AsyncJob", "AsyncJob\\AsyncJob.vcxproj", "{D9E0AEE7-8E0D-4E46-9F1A-0D3E7D7B9E39}"
EndProject
Global
	GlobalSection(SolutionConfigurationPlatforms) = preSolution
		Debug|x64 = Debug|x64
		Debug|x86 = Debug|x86
		Release|x64 = Release|x64
		Release|x86 = Release|x86
	EndGlobalSection
	GlobalSection(ProjectConfigurationPlatforms) = postSolution
		{D9E0AEE7-8E0D-4E46-9F1A-0D3E7D7B9E39}.Debug|x64.ActiveCfg = Debug|x64
		{D9E0AEE7-8E0D-4E46-9F1A-0D3E7D7B9E39}.Debug|x64.Build.0 = Debug|x64
		{D9E0AEE7-8E0D-4E46-9F1A-0D3E7D7B9E39}.Debug|x86.ActiveCfg = Debug|Win32
		{D9E0AEE7-8E0D-4E46-9F1A-0D3E7D7B9E39}.Debug|x86.Build.0 = Debug|Win32
		{D9E0AEE7-8E0D-4E46-9F1A-0D3E7D7B9E39}.Release|x64.ActiveCfg = Release|x64
		{D9E0AEE7-8E0D-4E46-9F1A-0D3E7D7B9E39}.Release|x64.Build.0 = Release|x64
		{D9E0AEE7-8E0D-4E46-9F1A-0D3E7D7B9E39}.Release|x86.ActiveCfg = Release|Win32
		{D9E0AEE7-8E0D-4E46-9F1A-0D3E7D7B9E39}.Release|x86.Build.0 = Release|Win32
	EndGlobalSection
	GlobalSection(SolutionProperties) = preSolution
		HideSolutionNode = FALSE
	EndGlobalSection
	GlobalSection(ExtensibilityGlobals) = postSolution
		SolutionGuid = {7C5C2E7E-1A59-4B5C-A8B1-A6D6D0A9F4F2}
	EndGlobalSection
EndGlobal
