
Microsoft Visual Studio Solution File, Format Version 12.00
# Visual Studio Version 17
VisualStudioVersion = 17.0.31903.59
MinimumVisualStudioVersion = 10.0.40219.1
Project("{FAE04EC0-301F-11D3-BF4B-00C04F79EFBC}") = "GrpcServer", "GrpcServer\GrpcServer.csproj", "{C2F7CB07-7BEB-4B90-AD68-D29598F82113}"
EndProject
Project("{FAE04EC0-301F-11D3-BF4B-00C04F79EFBC}") = "GrpcClient", "GrpcClient\GrpcClient.csproj", "{02740C4C-08EB-4CE9-B8C9-1F1966D8F2EB}"
EndProject
Global
	GlobalSection(SolutionConfigurationPlatforms) = preSolution
		Debug|Any CPU = Debug|Any CPU
		Debug|x64 = Debug|x64
		Debug|x86 = Debug|x86
		Release|Any CPU = Release|Any CPU
		Release|x64 = Release|x64
		Release|x86 = Release|x86
	EndGlobalSection
	GlobalSection(ProjectConfigurationPlatforms) = postSolution
		{C2F7CB07-7BEB-4B90-AD68-D29598F82113}.Debug|Any CPU.ActiveCfg = Debug|Any CPU
		{C2F7CB07-7BEB-4B90-AD68-D29598F82113}.Debug|Any CPU.Build.0 = Debug|Any CPU
		{C2F7CB07-7BEB-4B90-AD68-D29598F82113}.Debug|x64.ActiveCfg = Debug|Any CPU
		{C2F7CB07-7BEB-4B90-AD68-D29598F82113}.Debug|x64.Build.0 = Debug|Any CPU
		{C2F7CB07-7BEB-4B90-AD68-D29598F82113}.Debug|x86.ActiveCfg = Debug|Any CPU
		{C2F7CB07-7BEB-4B90-AD68-D29598F82113}.Debug|x86.Build.0 = Debug|Any CPU
		{C2F7CB07-7BEB-4B90-AD68-D29598F82113}.Release|Any CPU.ActiveCfg = Release|Any CPU
		{C2F7CB07-7BEB-4B90-AD68-D29598F82113}.Release|Any CPU.Build.0 = Release|Any CPU
		{C2F7CB07-7BEB-4B90-AD68-D29598F82113}.Release|x64.ActiveCfg = Release|Any CPU
		{C2F7CB07-7BEB-4B90-AD68-D29598F82113}.Release|x64.Build.0 = Release|Any CPU
		{C2F7CB07-7BEB-4B90-AD68-D29598F82113}.Release|x86.ActiveCfg = Release|Any CPU
		{C2F7CB07-7BEB-4B90-AD68-D29598F82113}.Release|x86.Build.0 = Release|Any CPU
		{02740C4C-08EB-4CE9-B8C9-1F1966D8F2EB}.Debug|Any CPU.ActiveCfg = Debug|Any CPU
		{02740C4C-08EB-4CE9-B8C9-1F1966D8F2EB}.Debug|Any CPU.Build.0 = Debug|Any CPU
		{02740C4C-08EB-4CE9-B8C9-1F1966D8F2EB}.Debug|x64.ActiveCfg = Debug|Any CPU
		{02740C4C-08EB-4CE9-B8C9-1F1966D8F2EB}.Debug|x64.Build.0 = Debug|Any CPU
		{02740C4C-08EB-4CE9-B8C9-1F1966D8F2EB}.Debug|x86.ActiveCfg = Debug|Any CPU
		{02740C4C-08EB-4CE9-B8C9-1F1966D8F2EB}.Debug|x86.Build.0 = Debug|Any CPU
		{02740C4C-08EB-4CE9-B8C9-1F1966D8F2EB}.Release|Any CPU.ActiveCfg = Release|Any CPU
		{02740C4C-08EB-4CE9-B8C9-1F1966D8F2EB}.Release|Any CPU.Build.0 = Release|Any CPU
		{02740C4C-08EB-4CE9-B8C9-1F1966D8F2EB}.Release|x64.ActiveCfg = Release|Any CPU
		{02740C4C-08EB-4CE9-B8C9-1F1966D8F2EB}.Release|x64.Build.0 = Release|Any CPU
		{02740C4C-08EB-4CE9-B8C9-1F1966D8F2EB}.Release|x86.ActiveCfg = Release|Any CPU
		{02740C4C-08EB-4CE9-B8C9-1F1966D8F2EB}.Release|x86.Build.0 = Release|Any CPU
	EndGlobalSection
	GlobalSection(SolutionProperties) = preSolution
		HideSolutionNode = FALSE
	EndGlobalSection
EndGlobal
